<Solution>
  <Project Path="src/ChronoTriggerAccessibility.Core/ChronoTriggerAccessibility.Core.csproj" />
  <Project Path="src/ChronoTriggerAccessibility.Prism/ChronoTriggerAccessibility.Prism.csproj" />
  <Project Path="tests/ChronoTriggerAccessibility.Core.Tests/ChronoTriggerAccessibility.Core.Tests.csproj" />
  <Project Path="tests/ChronoTriggerAccessibility.Prism.Tests/ChronoTriggerAccessibility.Prism.Tests.csproj" />
</Solution>
